Microsoft Visual Studio Solution File, Format Version 12.00
# Visual Studio Version 17
VisualStudioVersion = 17.5.2.0
MinimumVisualStudioVersion = 10.0.40219.1
Project("{FAE04EC0-301F-11D3-BF4B-00C04F79EFBC}") = "EcommerceApp", "EcommerceApp.csproj", "{C50569AD-1E91-698F-4FF9-81C6C4B01E89}"
EndProject
Global
	GlobalSection(SolutionConfigurationPlatforms) = preSolution
		Debug|Any CPU = Debug|Any CPU
		Release|Any CPU = Release|Any CPU
	EndGlobalSection
	GlobalSection(ProjectConfigurationPlatforms) = postSolution
		{C50569AD-1E91-698F-4FF9-81C6C4B01E89}.Debug|Any CPU.ActiveCfg = Debug|Any CPU
		{C50569AD-1E91-698F-4FF9-81C6C4B01E89}.Debug|Any CPU.Build.0 = Debug|Any CPU
		{C50569AD-1E91-698F-4FF9-81C6C4B01E89}.Release|Any CPU.ActiveCfg = Release|Any CPU
		{C50569AD-1E91-698F-4FF9-81C6C4B01E89}.Release|Any CPU.Build.0 = Release|Any CPU
	EndGlobalSection
	GlobalSection(SolutionProperties) = preSolution
		HideSolutionNode = FALSE
	EndGlobalSection
	GlobalSection(ExtensibilityGlobals) = postSolution
		SolutionGuid = {3DA559EE-B7BA-459C-BFAE-249447AA4FCA}
	EndGlobalSection
EndGlobal
